
Microsoft Visual Studio Solution File, Format Version 11.00
# Visual Studio 2010
Project("{FAE04EC0-301F-11D3-BF4B-00C04F79EFBC}") = "Vici.Core.WP7", "Library\Vici.Core.WP7.csproj", "{448D77D5-3134-49B4-9D84-83537647D431}"
EndProject
Global
	GlobalSection(SolutionConfigurationPlatforms) = preSolution
		Debug|Any CPU = Debug|Any CPU
		Release|Any CPU = Release|Any CPU
	EndGlobalSection
	GlobalSection(ProjectConfigurationPlatforms) = postSolution
		{448D77D5-3134-49B4-9D84-83537647D431}.Debug|Any CPU.ActiveCfg = Debug|Any CPU
		{448D77D5-3134-49B4-9D84-83537647D431}.Debug|Any CPU.Build.0 = Debug|Any CPU
		{448D77D5-3134-49B4-9D84-83537647D431}.Release|Any CPU.ActiveCfg = Release|Any CPU
		{448D77D5-3134-49B4-9D84-83537647D431}.Release|Any CPU.Build.0 = Release|Any CPU
	EndGlobalSection
	GlobalSection(SolutionProperties) = preSolution
		HideSolutionNode = FALSE
	EndGlobalSection
EndGlobal
